
Microsoft Visual Studio Solution File, Format Version 12.00
# Visual Studio Version 17
VisualStudioVersion = 17.5.33424.131
MinimumVisualStudioVersion = 10.0.40219.1
Project("{FAE04EC0-301F-11D3-BF4B-00C04F79EFBC}") = "CheckingAppsettings.json", "CheckingAppsettings.json\CheckingAppsettings.json.csproj", "{BB8BFB95-52D8-44A1-A743-6730FA332453}"
EndProject
Global
	GlobalSection(SolutionConfigurationPlatforms) = preSolution
		Debug|Any CPU = Debug|Any CPU
		Release|Any CPU = Release|Any CPU
	EndGlobalSection
	GlobalSection(ProjectConfigurationPlatforms) = postSolution
		{BB8BFB95-52D8-44A1-A743-6730FA332453}.Debug|Any CPU.ActiveCfg = Debug|Any CPU
		{BB8BFB95-52D8-44A1-A743-6730FA332453}.Debug|Any CPU.Build.0 = Debug|Any CPU
		{BB8BFB95-52D8-44A1-A743-6730FA332453}.Release|Any CPU.ActiveCfg = Release|Any CPU
		{BB8BFB95-52D8-44A1-A743-6730FA332453}.Release|Any CPU.Build.0 = Release|Any CPU
	EndGlobalSection
	GlobalSection(SolutionProperties) = preSolution
		HideSolutionNode = FALSE
	EndGlobalSection
	GlobalSection(ExtensibilityGlobals) = postSolution
		SolutionGuid = {ADEC7883-8B0B-41B8-9C83-EC820F233B49}
	EndGlobalSection
EndGlobal
